// !$*UTF8*$!
{
	archiveVersion = 1;
	classes = {
	};
	objectVersion = 46;
	objects = {

/* Begin PBXBuildFile section */
		AC071DB719C1122F000A85C6 /* Foundation.framework in Frameworks */ = {isa = PBXBuildFile; fileRef = AC071DB619C1122F000A85C6 /* Foundation.framework */; };
		AC071DB919C1122F000A85C6 /* CoreGraphics.framework in Frameworks */ = {isa = PBXBuildFile; fileRef = AC071DB819C1122F000A85C6 /* CoreGraphics.framework */; };
		AC071DBB19C1122F000A85C6 /* UIKit.framework in Frameworks */ = {isa = PBXBuildFile; fileRef = AC071DBA19C1122F000A85C6 /* UIKit.framework */; };
		AC071DC119C1122F000A85C6 /* InfoPlist.strings in Resources */ = {isa = PBXBuildFile; fileRef = AC071DBF19C1122F000A85C6 /* InfoPlist.strings */; };
		AC071DC319C1122F000A85C6 /* main.m in Sources */ = {isa = PBXBuildFile; fileRef = AC071DC219C1122F000A85C6 /* main.m */; };
		AC071DC719C1122F000A85C6 /* JKAppDelegate.m in Sources */ = {isa = PBXBuildFile; fileRef = AC071DC619C1122F000A85C6 /* JKAppDelegate.m */; };
		AC071DC919C11230000A85C6 /* Images.xcassets in Resources */ = {isa = PBXBuildFile; fileRef = AC071DC819C11230000A85C6 /* Images.xcassets */; };
		AC071DD019C11230000A85C6 /* XCTest.framework in Frameworks */ = {isa = PBXBuildFile; fileRef = AC071DCF19C11230000A85C6 /* XCTest.framework */; };
		AC071DD119C11230000A85C6 /* Foundation.framework in Frameworks */ = {isa = PBXBuildFile; fileRef = AC071DB619C1122F000A85C6 /* Foundation.framework */; };
		AC071DD219C11230000A85C6 /* UIKit.framework in Frameworks */ = {isa = PBXBuildFile; fileRef = AC071DBA19C1122F000A85C6 /* UIKit.framework */; };
		AC071DDA19C11230000A85C6 /* InfoPlist.strings in Resources */ = {isa = PBXBuildFile; fileRef = AC071DD819C11230000A85C6 /* InfoPlist.strings */; };
		AC071DDC19C11230000A85C6 /* ViewTestTests.m in Sources */ = {isa = PBXBuildFile; fileRef = AC071DDB19C11230000A85C6 /* ViewTestTests.m */; };
/* End PBXBuildFile section */

/* Begin PBXContainerItemProxy section */
		AC071DD319C11230000A85C6 /* PBXContainerItemProxy */ = {
			isa = PBXContainerItemProxy;
			containerPortal = AC071DAB19C1122F000A85C6 /* Project object */;
			proxyType = 1;
			remoteGlobalIDString = AC071DB219C1122F000A85C6;
			remoteInfo = ViewTest;
		};
/* End PBXContainerItemProxy section */

/* Begin PBXFileReference section */
		AC071DB319C1122F000A85C6 /* ViewTest.app */ = {isa = PBXFileReference; explicitFileType = wrapper.application; includeInIndex = 0; path = ViewTest.app; sourceTree = BUILT_PRODUCTS_DIR; };
		AC071DB619C1122F000A85C6 /* Foundation.framework */ = {isa = PBXFileReference; lastKnownFileType = wrapper.framework; name = Foundation.framework; path = System/Library/Frameworks/Foundation.framework; sourceTree = SDKROOT; };
		AC071DB819C1122F000A85C6 /* CoreGraphics.framework */ = {isa = PBXFileReference; lastKnownFileType = wrapper.framework; name = CoreGraphics.framework; path = System/Library/Frameworks/CoreGraphics.framework; sourceTree = SDKROOT; };
		AC071DBA19C1122F000A85C6 /* UIKit.framework */ = {isa = PBXFileReference; lastKnownFileType = wrapper.framework; name = UIKit.framework; path = System/Library/Frameworks/UIKit.framework; sourceTree = SDKROOT; };
		AC071DBE19C1122F000A85C6 /* ViewTest-Info.plist */ = {isa = PBXFileReference; lastKnownFileType = text.plist.xml; path = "ViewTest-Info.plist"; sourceTree = "<group>"; };
		AC071DC019C1122F000A85C6 /* en */ = {isa = PBXFileReference; lastKnownFileType = text.plist.strings; name = en; path = en.lproj/InfoPlist.strings; sourceTree = "<group>"; };
		AC071DC219C1122F000A85C6 /* main.m */ = {isa = PBXFileReference; lastKnownFileType = sourcecode.c.objc; path = main.m; sourceTree = "<group>"; };
		AC071DC419C1122F000A85C6 /* ViewTest-Prefix.pch */ = {isa = PBXFileReference; lastKnownFileType = sourcecode.c.h; path = "ViewTest-Prefix.pch"; sourceTree = "<group>"; };
		AC071DC519C1122F000A85C6 /* JKAppDelegate.h */ = {isa = PBXFileReference; lastKnownFileType = sourcecode.c.h; path = JKAppDelegate.h; sourceTree = "<group>"; };
		AC071DC619C1122F000A85C6 /* JKAppDelegate.m */ = {isa = PBXFileReference; lastKnownFileType = sourcecode.c.objc; path = JKAppDelegate.m; sourceTree = "<group>"; };
		AC071DC819C11230000A85C6 /* Images.xcassets */ = {isa = PBXFileReference; lastKnownFileType = folder.assetcatalog; path = Images.xcassets; sourceTree = "<group>"; };
		AC071DCE19C11230000A85C6 /* ViewTestTests.xctest */ = {isa = PBXFileReference; explicitFileType = wrapper.cfbundle; includeInIndex = 0; path = ViewTestTests.xctest; sourceTree = BUILT_PRODUCTS_DIR; };
		AC071DCF19C11230000A85C6 /* XCTest.framework */ = {isa = PBXFileReference; lastKnownFileType = wrapper.framework; name = XCTest.framework; path = Library/Frameworks/XCTest.framework; sourceTree = DEVELOPER_DIR; };
		AC071DD719C11230000A85C6 /* ViewTestTests-Info.plist */ = {isa = PBXFileReference; lastKnownFileType = text.plist.xml; path = "ViewTestTests-Info.plist"; sourceTree = "<group>"; };
		AC071DD919C11230000A85C6 /* en */ = {isa = PBXFileReference; lastKnownFileType = text.plist.strings; name = en; path = en.lproj/InfoPlist.strings; sourceTree = "<group>"; };
		AC071DDB19C11230000A85C6 /* ViewTestTests.m */ = {isa = PBXFileReference; lastKnownFileType = sourcecode.c.objc; path = ViewTestTests.m; sourceTree = "<group>"; };
/* End PBXFileReference section */

/* Begin PBXFrameworksBuildPhase section */
		AC071DB019C1122F000A85C6 /* Frameworks */ = {
			isa = PBXFrameworksBuildPhase;
			buildActionMask = 2147483647;
			files = (
				AC071DB919C1122F000A85C6 /* CoreGraphics.framework in Frameworks */,
				AC071DBB19C1122F000A85C6 /* UIKit.framework in Frameworks */,
				AC071DB719C1122F000A85C6 /* Foundation.framework in Frameworks */,
			);
			runOnlyForDeploymentPostprocessing = 0;
		};
		AC071DCB19C11230000A85C6 /* Frameworks */ = {
			isa = PBXFrameworksBuildPhase;
			buildActionMask = 2147483647;
			files = (
				AC071DD019C11230000A85C6 /* XCTest.framework in Frameworks */,
				AC071DD219C11230000A85C6 /* UIKit.framework in Frameworks */,
				AC071DD119C11230000A85C6 /* Foundation.framework in Frameworks */,
			);
			runOnlyForDeploymentPostprocessing = 0;
		};
/* End PBXFrameworksBuildPhase section */

/* Begin PBXGroup section */
		AC071DAA19C1122F000A85C6 = {
			isa = PBXGroup;
			children = (
				AC071DBC19C1122F000A85C6 /* ViewTest */,
				AC071DD519C11230000A85C6 /* ViewTestTests */,
				AC071DB519C1122F000A85C6 /* Frameworks */,
				AC071DB419C1122F000A85C6 /* Products */,
			);
			sourceTree = "<group>";
		};
		AC071DB419C1122F000A85C6 /* Products */ = {
			isa = PBXGroup;
			children = (
				AC071DB319C1122F000A85C6 /* ViewTest.app */,
				AC071DCE19C11230000A85C6 /* ViewTestTests.xctest */,
			);
			name = Products;
			sourceTree = "<group>";
		};
		AC071DB519C1122F000A85C6 /* Frameworks */ = {
			isa = PBXGroup;
			children = (
				AC071DB619C1122F000A85C6 /* Foundation.framework */,
				AC071DB819C1122F000A85C6 /* CoreGraphics.framework */,
				AC071DBA19C1122F000A85C6 /* UIKit.framework */,
				AC071DCF19C11230000A85C6 /* XCTest.framework */,
			);
			name = Frameworks;
			sourceTree = "<group>";
		};
		AC071DBC19C1122F000A85C6 /* ViewTest */ = {
			isa = PBXGroup;
			children = (
				AC071DC519C1122F000A85C6 /* JKAppDelegate.h */,
				AC071DC619C1122F000A85C6 /* JKAppDelegate.m */,
				AC071DC819C11230000A85C6 /* Images.xcassets */,
				AC071DBD19C1122F000A85C6 /* Supporting Files */,
			);
			path = ViewTest;
			sourceTree = "<group>";
		};
		AC071DBD19C1122F000A85C6 /* Supporting Files */ = {
			isa = PBXGroup;
			children = (
				AC071DBE19C1122F000A85C6 /* ViewTest-Info.plist */,
				AC071DBF19C1122F000A85C6 /* InfoPlist.strings */,
				AC071DC219C1122F000A85C6 /* main.m */,
				AC071DC419C1122F000A85C6 /* ViewTest-Prefix.pch */,
			);
			name = "Supporting Files";
			sourceTree = "<group>";
		};
		AC071DD519C11230000A85C6 /* ViewTestTests */ = {
			isa = PBXGroup;
			children = (
				AC071DDB19C11230000A85C6 /* ViewTestTests.m */,
				AC071DD619C11230000A85C6 /* Supporting Files */,
			);
			path = ViewTestTests;
			sourceTree = "<group>";
		};
		AC071DD619C11230000A85C6 /* Supporting Files */ = {
			isa = PBXGroup;
			children = (
				AC071DD719C11230000A85C6 /* ViewTestTests-Info.plist */,
				AC071DD819C11230000A85C6 /* InfoPlist.strings */,
			);
			name = "Supporting Files";
			sourceTree = "<group>";
		};
/* End PBXGroup section */

/* Begin PBXNativeTarget section */
		AC071DB219C1122F000A85C6 /* ViewTest */ = {
			isa = PBXNativeTarget;
			buildConfigurationList = AC071DDF19C11230000A85C6 /* Build configuration list for PBXNativeTarget "ViewTest" */;
			buildPhases = (
				AC071DAF19C1122F000A85C6 /* Sources */,
				AC071DB019C1122F000A85C6 /* Frameworks */,
				AC071DB119C1122F000A85C6 /* Resources */,
			);
			buildRules = (
			);
			dependencies = (
			);
			name = ViewTest;
			productName = ViewTest;
			productReference = AC071DB319C1122F000A85C6 /* ViewTest.app */;
			productType = "com.apple.product-type.application";
		};
		AC071DCD19C11230000A85C6 /* ViewTestTests */ = {
			isa = PBXNativeTarget;
			buildConfigurationList = AC071DE219C11230000A85C6 /* Build configuration list for PBXNativeTarget "ViewTestTests" */;
			buildPhases = (
				AC071DCA19C11230000A85C6 /* Sources */,
				AC071DCB19C11230000A85C6 /* Frameworks */,
				AC071DCC19C11230000A85C6 /* Resources */,
			);
			buildRules = (
			);
			dependencies = (
				AC071DD419C11230000A85C6 /* PBXTargetDependency */,
			);
			name = ViewTestTests;
			productName = ViewTestTests;
			productReference = AC071DCE19C11230000A85C6 /* ViewTestTests.xctest */;
			productType = "com.apple.product-type.bundle.unit-test";
		};
/* End PBXNativeTarget section */

/* Begin PBXProject section */
		AC071DAB19C1122F000A85C6 /* Project object */ = {
			isa = PBXProject;
			attributes = {
				CLASSPREFIX = JK;
				LastUpgradeCheck = 0510;
				ORGANIZATIONNAME = "Josh Kutsko";
				TargetAttributes = {
					AC071DCD19C11230000A85C6 = {
						TestTargetID = AC071DB219C1122F000A85C6;
					};
				};
			};
			buildConfigurationList = AC071DAE19C1122F000A85C6 /* Build configuration list for PBXProject "ViewTest" */;
			compatibilityVersion = "Xcode 3.2";
			developmentRegion = English;
			hasScannedForEncodings = 0;
			knownRegions = (
				en,
			);
			mainGroup = AC071DAA19C1122F000A85C6;
			productRefGroup = AC071DB419C1122F000A85C6 /* Products */;
			projectDirPath = "";
			projectRoot = "";
			targets = (
				AC071DB219C1122F000A85C6 /* ViewTest */,
				AC071DCD19C11230000A85C6 /* ViewTestTests */,
			);
		};
/* End PBXProject section */

/* Begin PBXResourcesBuildPhase section */
		AC071DB119C1122F000A85C6 /* Resources */ = {
			isa = PBXResourcesBuildPhase;
			buildActionMask = 2147483647;
			files = (
				AC071DC119C1122F000A85C6 /* InfoPlist.strings in Resources */,
				AC071DC919C11230000A85C6 /* Images.xcassets in Resources */,
			);
			runOnlyForDeploymentPostprocessing = 0;
		};
		AC071DCC19C11230000A85C6 /* Resources */ = {
			isa = PBXResourcesBuildPhase;
			buildActionMask = 2147483647;
			files = (
				AC071DDA19C11230000A85C6 /* InfoPlist.strings in Resources */,
			);
			runOnlyForDeploymentPostprocessing = 0;
		};
/* End PBXResourcesBuildPhase section */

/* Begin PBXSourcesBuildPhase section */
		AC071DAF19C1122F000A85C6 /* Sources */ = {
			isa = PBXSourcesBuildPhase;
			buildActionMask = 2147483647;
			files = (
				AC071DC319C1122F000A85C6 /* main.m in Sources */,
				AC071DC719C1122F000A85C6 /* JKAppDelegate.m in Sources */,
			);
			runOnlyForDeploymentPostprocessing = 0;
		};
		AC071DCA19C11230000A85C6 /* Sources */ = {
			isa = PBXSourcesBuildPhase;
			buildActionMask = 2147483647;
			files = (
				AC071DDC19C11230000A85C6 /* ViewTestTests.m in Sources */,
			);
			runOnlyForDeploymentPostprocessing = 0;
		};
/* End PBXSourcesBuildPhase section */

/* Begin PBXTargetDependency section */
		AC071DD419C11230000A85C6 /* PBXTargetDependency */ = {
			isa = PBXTargetDependency;
			target = AC071DB219C1122F000A85C6 /* ViewTest */;
			targetProxy = AC071DD319C11230000A85C6 /* PBXContainerItemProxy */;
		};
/* End PBXTargetDependency section */

/* Begin PBXVariantGroup section */
		AC071DBF19C1122F000A85C6 /* InfoPlist.strings */ = {
			isa = PBXVariantGroup;
			children = (
				AC071DC019C1122F000A85C6 /* en */,
			);
			name = InfoPlist.strings;
			sourceTree = "<group>";
		};
		AC071DD819C11230000A85C6 /* InfoPlist.strings */ = {
			isa = PBXVariantGroup;
			children = (
				AC071DD919C11230000A85C6 /* en */,
			);
			name = InfoPlist.strings;
			sourceTree = "<group>";
		};
/* End PBXVariantGroup section */

/* Begin XCBuildConfiguration section */
		AC071DDD19C11230000A85C6 /* Debug */ = {
			isa = XCBuildConfiguration;
			buildSettings = {
				ALWAYS_SEARCH_USER_PATHS = NO;
				CLANG_CXX_LANGUAGE_STANDARD = "gnu++0x";
				CLANG_CXX_LIBRARY = "libc++";
				CLANG_ENABLE_MODULES = YES;
				CLANG_ENABLE_OBJC_ARC = YES;
				CLANG_WARN_BOOL_CONVERSION = YES;
				CLANG_WARN_CONSTANT_CONVERSION = YES;
				CLANG_WARN_DIRECT_OBJC_ISA_USAGE = YES_ERROR;
				CLANG_WARN_EMPTY_BODY = YES;
				CLANG_WARN_ENUM_CONVERSION = YES;
				CLANG_WARN_INT_CONVERSION = YES;
				CLANG_WARN_OBJC_ROOT_CLASS = YES_ERROR;
				CLANG_WARN__DUPLICATE_METHOD_MATCH = YES;
				"CODE_SIGN_IDENTITY[sdk=iphoneos*]" = "iPhone Developer";
				COPY_PHASE_STRIP = NO;
				GCC_C_LANGUAGE_STANDARD = gnu99;
				GCC_DYNAMIC_NO_PIC = NO;
				GCC_OPTIMIZATION_LEVEL = 0;
				GCC_PREPROCESSOR_DEFINITIONS = (
					"DEBUG=1",
					"$(inherited)",
				);
				GCC_SYMBOLS_PRIVATE_EXTERN = NO;
				GCC_WARN_64_TO_32_BIT_CONVERSION = YES;
				GCC_WARN_ABOUT_RETURN_TYPE = YES_ERROR;
				GCC_WARN_UNDECLARED_SELECTOR = YES;
				GCC_WARN_UNINITIALIZED_AUTOS = YES_AGGRESSIVE;
				GCC_WARN_UNUSED_FUNCTION = YES;
				GCC_WARN_UNUSED_VARIABLE = YES;
				IPHONEOS_DEPLOYMENT_TARGET = 7.1;
				ONLY_ACTIVE_ARCH = YES;
				SDKROOT = iphoneos;
				TARGETED_DEVICE_FAMILY = "1,2";
			};
			name = Debug;
		};
		AC071DDE19C11230000A85C6 /* Release */ = {
			isa = XCBuildConfiguration;
			buildSettings = {
				ALWAYS_SEARCH_USER_PATHS = NO;
				CLANG_CXX_LANGUAGE_STANDARD = "gnu++0x";
				CLANG_CXX_LIBRARY = "libc++";
				CLANG_ENABLE_MODULES = YES;
				CLANG_ENABLE_OBJC_ARC = YES;
				CLANG_WARN_BOOL_CONVERSION = YES;
				CLANG_WARN_CONSTANT_CONVERSION = YES;
				CLANG_WARN_DIRECT_OBJC_ISA_USAGE = YES_ERROR;
				CLANG_WARN_EMPTY_BODY = YES;
				CLANG_WARN_ENUM_CONVERSION = YES;
				CLANG_WARN_INT_CONVERSION = YES;
				CLANG_WARN_OBJC_ROOT_CLASS = YES_ERROR;
				CLANG_WARN__DUPLICATE_METHOD_MATCH = YES;
				"CODE_SIGN_IDENTITY[sdk=iphoneos*]" = "iPhone Developer";
				COPY_PHASE_STRIP = YES;
				ENABLE_NS_ASSERTIONS = NO;
				GCC_C_LANGUAGE_STANDARD = gnu99;
				GCC_WARN_64_TO_32_BIT_CONVERSION = YES;
				GCC_WARN_ABOUT_RETURN_TYPE = YES_ERROR;
				GCC_WARN_UNDECLARED_SELECTOR = YES;
				GCC_WARN_UNINITIALIZED_AUTOS = YES_AGGRESSIVE;
				GCC_WARN_UNUSED_FUNCTION = YES;
				GCC_WARN_UNUSED_VARIABLE = YES;
				IPHONEOS_DEPLOYMENT_TARGET = 7.1;
				SDKROOT = iphoneos;
				TARGETED_DEVICE_FAMILY = "1,2";
				VALIDATE_PRODUCT = YES;
			};
			name = Release;
		};
		AC071DE019C11230000A85C6 /* Debug */ = {
			isa = XCBuildConfiguration;
			buildSettings = {
				ASSETCATALOG_COMPILER_APPICON_NAME = AppIcon;
				ASSETCATALOG_COMPILER_LAUNCHIMAGE_NAME = LaunchImage;
				GCC_PRECOMPILE_PREFIX_HEADER = YES;
				GCC_PREFIX_HEADER = "ViewTest/ViewTest-Prefix.pch";
				INFOPLIST_FILE = "ViewTest/ViewTest-Info.plist";
				PRODUCT_NAME = "$(TARGET_NAME)";
				WRAPPER_EXTENSION = app;
			};
			name = Debug;
		};
		AC071DE119C11230000A85C6 /* Release */ = {
			isa = XCBuildConfiguration;
			buildSettings = {
				ASSETCATALOG_COMPILER_APPICON_NAME = AppIcon;
				ASSETCATALOG_COMPILER_LAUNCHIMAGE_NAME = LaunchImage;
				GCC_PRECOMPILE_PREFIX_HEADER = YES;
				GCC_PREFIX_HEADER = "ViewTest/ViewTest-Prefix.pch";
				INFOPLIST_FILE = "ViewTest/ViewTest-Info.plist";
				PRODUCT_NAME = "$(TARGET_NAME)";
				WRAPPER_EXTENSION = app;
			};
			name = Release;
		};
		AC071DE319C11230000A85C6 /* Debug */ = {
			isa = XCBuildConfiguration;
			buildSettings = {
				BUNDLE_LOADER = "$(BUILT_PRODUCTS_DIR)/ViewTest.app/ViewTest";
				FRAMEWORK_SEARCH_PATHS = (
					"$(SDKROOT)/Developer/Library/Frameworks",
					"$(inherited)",
					"$(DEVELOPER_FRAMEWORKS_DIR)",
				);
				GCC_PRECOMPILE_PREFIX_HEADER = YES;
				GCC_PREFIX_HEADER = "ViewTest/ViewTest-Prefix.pch";
				GCC_PREPROCESSOR_DEFINITIONS = (
					"DEBUG=1",
					"$(inherited)",
				);
				INFOPLIST_FILE = "ViewTestTests/ViewTestTests-Info.plist";
				PRODUCT_NAME = "$(TARGET_NAME)";
				TEST_HOST = "$(BUNDLE_LOADER)";
				WRAPPER_EXTENSION = xctest;
			};
			name = Debug;
		};
		AC071DE419C11230000A85C6 /* Release */ = {
			isa = XCBuildConfiguration;
			buildSettings = {
				BUNDLE_LOADER = "$(BUILT_PRODUCTS_DIR)/ViewTest.app/ViewTest";
				FRAMEWORK_SEARCH_PATHS = (
					"$(SDKROOT)/Developer/Library/Frameworks",
					"$(inherited)",
					"$(DEVELOPER_FRAMEWORKS_DIR)",
				);
				GCC_PRECOMPILE_PREFIX_HEADER = YES;
				GCC_PREFIX_HEADER = "ViewTest/ViewTest-Prefix.pch";
				INFOPLIST_FILE = "ViewTestTests/ViewTestTests-Info.plist";
				PRODUCT_NAME = "$(TARGET_NAME)";
				TEST_HOST = "$(BUNDLE_LOADER)";
				WRAPPER_EXTENSION = xctest;
			};
			name = Release;
		};
/* End XCBuildConfiguration section */

/* Begin XCConfigurationList section */
		AC071DAE19C1122F000A85C6 /* Build configuration list for PBXProject "ViewTest" */ = {
			isa = XCConfigurationList;
			buildConfigurations = (
				AC071DDD19C11230000A85C6 /* Debug */,
				AC071DDE19C11230000A85C6 /* Release */,
			);
			defaultConfigurationIsVisible = 0;
			defaultConfigurationName = Release;
		};
		AC071DDF19C11230000A85C6 /* Build configuration list for PBXNativeTarget "ViewTest" */ = {
			isa = XCConfigurationList;
			buildConfigurations = (
				AC071DE019C11230000A85C6 /* Debug */,
				AC071DE119C11230000A85C6 /* Release */,
			);
			defaultConfigurationIsVisible = 0;
		};
		AC071DE219C11230000A85C6 /* Build configuration list for PBXNativeTarget "ViewTestTests" */ = {
			isa = XCConfigurationList;
			buildConfigurations = (
				AC071DE319C11230000A85C6 /* Debug */,
				AC071DE419C11230000A85C6 /* Release */,
			);
			defaultConfigurationIsVisible = 0;
		};
/* End XCConfigurationList section */
	};
	rootObject = AC071DAB19C1122F000A85C6 /* Project object */;
}
